
Microsoft Visual Studio Solution File, Format Version 12.00
# Visual Studio 15
VisualStudioVersion = 15.0.27703.2035
MinimumVisualStudioVersion = 10.0.40219.1
Project("{FAE04EC0-301F-11D3-BF4B-00C04F79EFBC}") = "Linked-List-Reverse", "Linked-List-Reverse\Linked-List-Reverse.csproj", "{481DC46F-712A-4CA3-92A4-5BEFAD405A98}"
EndProject
Global
	GlobalSection(SolutionConfigurationPlatforms) = preSolution
		Debug|Any CPU = Debug|Any CPU
		Release|Any CPU = Release|Any CPU
	EndGlobalSection
	GlobalSection(ProjectConfigurationPlatforms) = postSolution
		{481DC46F-712A-4CA3-92A4-5BEFAD405A98}.Debug|Any CPU.ActiveCfg = Debug|Any CPU
		{481DC46F-712A-4CA3-92A4-5BEFAD405A98}.Debug|Any CPU.Build.0 = Debug|Any CPU
		{481DC46F-712A-4CA3-92A4-5BEFAD405A98}.Release|Any CPU.ActiveCfg = Release|Any CPU
		{481DC46F-712A-4CA3-92A4-5BEFAD405A98}.Release|Any CPU.Build.0 = Release|Any CPU
	EndGlobalSection
	GlobalSection(SolutionProperties) = preSolution
		HideSolutionNode = FALSE
	EndGlobalSection
	GlobalSection(ExtensibilityGlobals) = postSolution
		SolutionGuid = {7B072803-D1A8-4D3A-B208-F7F61AC6C024}
	EndGlobalSection
EndGlobal
